
Microsoft Visual Studio Solution File, Format Version 12.00
# Visual Studio Version 16
VisualStudioVersion = 16.0.31410.357
MinimumVisualStudioVersion = 10.0.40219.1
Project("{FAE04EC0-301F-11D3-BF4B-00C04F79EFBC}") = "webapp", "webapp\webapp.csproj", "{9A904504-F56D-406A-A326-793055B2C979}"
EndProject
Global
	GlobalSection(SolutionConfigurationPlatforms) = preSolution
		Debug|Any CPU = Debug|Any CPU
		Release|Any CPU = Release|Any CPU
	EndGlobalSection
	GlobalSection(ProjectConfigurationPlatforms) = postSolution
		{9A904504-F56D-406A-A326-793055B2C979}.Debug|Any CPU.ActiveCfg = Debug|Any CPU
		{9A904504-F56D-406A-A326-793055B2C979}.Debug|Any CPU.Build.0 = Debug|Any CPU
		{9A904504-F56D-406A-A326-793055B2C979}.Release|Any CPU.ActiveCfg = Release|Any CPU
		{9A904504-F56D-406A-A326-793055B2C979}.Release|Any CPU.Build.0 = Release|Any CPU
	EndGlobalSection
	GlobalSection(SolutionProperties) = preSolution
		HideSolutionNode = FALSE
	EndGlobalSection
	GlobalSection(ExtensibilityGlobals) = postSolution
		SolutionGuid = {0C40C45C-8992-4A62-8EB6-567E81887D4C}
	EndGlobalSection
EndGlobal
